{
  "nodes": {
    "bw-key": {
      "inputs": {
        "flake-utils": "flake-utils",
        "nixpkgs": [
          "nixpkgs"
        ],
        "rust-overlay": "rust-overlay"
      },
      "locked": {
        "lastModified": 1689166086,
        "narHash": "sha256-5uDXh807ldCSwmUyKsbChLEeXkWmINIrs5nkbkL90lg=",
        "owner": "qdlmcfresh",
        "repo": "bw-key",
        "rev": "25d8df166faf591f4c79331f5d44b56f697db5df",
        "type": "github"
      },
      "original": {
        "owner": "qdlmcfresh",
        "repo": "bw-key",
        "type": "github"
      }
    },
    "catppuccin": {
      "locked": {
        "lastModified": 1719457243,
        "narHash": "sha256-5rOWwMAp/suWVKGavhfdyLsF2mA7Fv2DQWXlt7S+QWA=",
        "owner": "catppuccin",
        "repo": "nix",
        "rev": "53967ef237edd38a5b5cc5441e9b6a44b9554977",
        "type": "github"
      },
      "original": {
        "owner": "catppuccin",
        "repo": "nix",
        "type": "github"
      }
    },
    "disko": {
      "inputs": {
        "nixpkgs": [
          "nixpkgs"
        ]
      },
      "locked": {
        "lastModified": 1719582740,
        "narHash": "sha256-s4WsLu2L8EzF5Hg2TkelFLVhKGL108AySnlw8voPe5U=",
        "owner": "nix-community",
        "repo": "disko",
        "rev": "115311bc395f24c1b553338fec4b3aa28cbf5ae2",
        "type": "github"
      },
      "original": {
        "owner": "nix-community",
        "repo": "disko",
        "type": "github"
      }
    },
    "flake-compat": {
      "flake": false,
      "locked": {
        "lastModified": 1696426674,
        "narHash": "sha256-kvjfFW7WAETZlt09AgDn1MrtKzP7t90Vf7vypd3OL1U=",
        "owner": "edolstra",
        "repo": "flake-compat",
        "rev": "0f9255e01c2351cc7d116c072cb317785dd33b33",
        "type": "github"
      },
      "original": {
        "owner": "edolstra",
        "repo": "flake-compat",
        "type": "github"
      }
    },
    "flake-utils": {
      "inputs": {
        "systems": "systems"
      },
      "locked": {
        "lastModified": 1689068808,
        "narHash": "sha256-6ixXo3wt24N/melDWjq70UuHQLxGV8jZvooRanIHXw0=",
        "owner": "numtide",
        "repo": "flake-utils",
        "rev": "919d646de7be200f3bf08cb76ae1f09402b6f9b4",
        "type": "github"
      },
      "original": {
        "owner": "numtide",
        "repo": "flake-utils",
        "type": "github"
      }
    },
    "flake-utils_2": {
      "inputs": {
        "systems": "systems_2"
      },
      "locked": {
        "lastModified": 1681202837,
        "narHash": "sha256-H+Rh19JDwRtpVPAWp64F+rlEtxUWBAQW28eAi3SRSzg=",
        "owner": "numtide",
        "repo": "flake-utils",
        "rev": "cfacdce06f30d2b68473a46042957675eebb3401",
        "type": "github"
      },
      "original": {
        "owner": "numtide",
        "repo": "flake-utils",
        "type": "github"
      }
    },
    "flake-utils_3": {
      "inputs": {
        "systems": "systems_3"
      },
      "locked": {
        "lastModified": 1710146030,
        "narHash": "sha256-SZ5L6eA7HJ/nmkzGG7/ISclqe6oZdOZTNoesiInkXPQ=",
        "owner": "numtide",
        "repo": "flake-utils",
        "rev": "b1d9ab70662946ef0850d488da1c9019f3a9752a",
        "type": "github"
      },
      "original": {
        "owner": "numtide",
        "repo": "flake-utils",
        "type": "github"
      }
    },
    "flake-utils_4": {
      "inputs": {
        "systems": "systems_4"
      },
      "locked": {
        "lastModified": 1681202837,
        "narHash": "sha256-H+Rh19JDwRtpVPAWp64F+rlEtxUWBAQW28eAi3SRSzg=",
        "owner": "numtide",
        "repo": "flake-utils",
        "rev": "cfacdce06f30d2b68473a46042957675eebb3401",
        "type": "github"
      },
      "original": {
        "owner": "numtide",
        "repo": "flake-utils",
        "type": "github"
      }
    },
    "home-manager": {
      "inputs": {
        "nixpkgs": [
          "nixpkgs"
        ]
      },
      "locked": {
        "lastModified": 1719584202,
        "narHash": "sha256-lL0j2vltAX4L5z6APsQVCpNrfzI15P0O/tZ5PMgUCXE=",
        "owner": "nix-community",
        "repo": "home-manager",
        "rev": "f50e2779edbc905ab131ce7ce36b14a09ab44f3c",
        "type": "github"
      },
      "original": {
        "owner": "nix-community",
        "repo": "home-manager",
        "type": "github"
      }
    },
    "leonm1-hardware": {
      "locked": {
        "lastModified": 1694086641,
        "narHash": "sha256-Fz4hMwuuhRiIZFKLcm1oK+20YzBPchLa9eXmM1ZG+6U=",
        "owner": "leonm1",
        "repo": "nixos-hardware",
        "rev": "9aa623db17afcc38574a4a94e0e8c12fbd04d45b",
        "type": "github"
      },
      "original": {
        "owner": "leonm1",
        "repo": "nixos-hardware",
        "type": "github"
      }
    },
    "nix-vscode-extensions": {
      "inputs": {
        "flake-compat": "flake-compat",
        "flake-utils": "flake-utils_3",
        "nixpkgs": "nixpkgs_2"
      },
      "locked": {
        "lastModified": 1719537947,
        "narHash": "sha256-9J85rLXEnuX68Y6VzzlrkMAPmvRvjii5aHyMz5Jfq0Q=",
        "owner": "nix-community",
        "repo": "nix-vscode-extensions",
        "rev": "b9212133b8b517f99d7cf217823ff43d0432b720",
        "type": "github"
      },
      "original": {
        "owner": "nix-community",
        "repo": "nix-vscode-extensions",
        "type": "github"
      }
    },
    "nixos-hardware": {
      "locked": {
        "lastModified": 1719552654,
        "narHash": "sha256-PX3msbC5KdwCDnucGtir3qzlzv+1fuiU4tk17nljFIE=",
        "owner": "NixOS",
        "repo": "nixos-hardware",
        "rev": "3980e7816c99d9e4da7a7b762e5b294055b73b2f",
        "type": "github"
      },
      "original": {
        "owner": "NixOS",
        "ref": "master",
        "repo": "nixos-hardware",
        "type": "github"
      }
    },
    "nixpkgs": {
      "locked": {
        "lastModified": 1681358109,
        "narHash": "sha256-eKyxW4OohHQx9Urxi7TQlFBTDWII+F+x2hklDOQPB50=",
        "owner": "NixOS",
        "repo": "nixpkgs",
        "rev": "96ba1c52e54e74c3197f4d43026b3f3d92e83ff9",
        "type": "github"
      },
      "original": {
        "owner": "NixOS",
        "ref": "nixpkgs-unstable",
        "repo": "nixpkgs",
        "type": "github"
      }
    },
    "nixpkgs_2": {
      "locked": {
        "lastModified": 1713805509,
        "narHash": "sha256-YgSEan4CcrjivCNO5ZNzhg7/8ViLkZ4CB/GrGBVSudo=",
        "owner": "NixOS",
        "repo": "nixpkgs",
        "rev": "1e1dc66fe68972a76679644a5577828b6a7e8be4",
        "type": "github"
      },
      "original": {
        "owner": "NixOS",
        "ref": "nixpkgs-unstable",
        "repo": "nixpkgs",
        "type": "github"
      }
    },
    "nixpkgs_3": {
      "locked": {
        "lastModified": 1719254875,
        "narHash": "sha256-ECni+IkwXjusHsm9Sexdtq8weAq/yUyt1TWIemXt3Ko=",
        "owner": "nixos",
        "repo": "nixpkgs",
        "rev": "2893f56de08021cffd9b6b6dfc70fd9ccd51eb60",
        "type": "github"
      },
      "original": {
        "owner": "nixos",
        "ref": "nixos-unstable",
        "repo": "nixpkgs",
        "type": "github"
      }
    },
    "nixpkgs_4": {
      "locked": {
        "lastModified": 1682134069,
        "narHash": "sha256-TnI/ZXSmRxQDt2sjRYK/8j8iha4B4zP2cnQCZZ3vp7k=",
        "owner": "NixOS",
        "repo": "nixpkgs",
        "rev": "fd901ef4bf93499374c5af385b2943f5801c0833",
        "type": "github"
      },
      "original": {
        "id": "nixpkgs",
        "type": "indirect"
      }
    },
    "qdlpkgs": {
      "locked": {
        "lastModified": 1703966778,
        "narHash": "sha256-NkusRF9ZFdA8X4ADvaCyP7BffX6HAibIYhYrgrNQHE8=",
        "owner": "qdlmcfresh",
        "repo": "nixpkgs",
        "rev": "d8864372c1e6fb08f45a753e96b889a18710cbcd",
        "type": "github"
      },
      "original": {
        "owner": "qdlmcfresh",
        "ref": "brother_mfc_L5750DW",
        "repo": "nixpkgs",
        "type": "github"
      }
    },
    "root": {
      "inputs": {
        "bw-key": "bw-key",
        "catppuccin": "catppuccin",
        "disko": "disko",
        "home-manager": "home-manager",
        "leonm1-hardware": "leonm1-hardware",
        "nix-vscode-extensions": "nix-vscode-extensions",
        "nixos-hardware": "nixos-hardware",
        "nixpkgs": "nixpkgs_3",
        "qdlpkgs": "qdlpkgs",
        "stablepkgs": "stablepkgs",
        "vscode-server": "vscode-server"
      }
    },
    "rust-overlay": {
      "inputs": {
        "flake-utils": "flake-utils_2",
        "nixpkgs": "nixpkgs"
      },
      "locked": {
        "lastModified": 1689129196,
        "narHash": "sha256-/z/Al4sFcIh5oPQWA9MclQmJR9g3RO8UDiHGaj/T9R8=",
        "owner": "oxalica",
        "repo": "rust-overlay",
        "rev": "db8d909c9526d4406579ee7343bf2d7de3d15eac",
        "type": "github"
      },
      "original": {
        "owner": "oxalica",
        "repo": "rust-overlay",
        "type": "github"
      }
    },
    "stablepkgs": {
      "locked": {
        "lastModified": 1720110830,
        "narHash": "sha256-E5dN9GDV4LwMEduhBLSkyEz51zM17XkWZ3/9luvNOPs=",
        "owner": "nixos",
        "repo": "nixpkgs",
        "rev": "c0d0be00d4ecc4b51d2d6948e37466194c1e6c51",
        "type": "github"
      },
      "original": {
        "owner": "nixos",
        "ref": "nixos-24.05",
        "repo": "nixpkgs",
        "type": "github"
      }
    },
    "systems": {
      "locked": {
        "lastModified": 1681028828,
        "narHash": "sha256-Vy1rq5AaRuLzOxct8nz4T6wlgyUR7zLU309k9mBC768=",
        "owner": "nix-systems",
        "repo": "default",
        "rev": "da67096a3b9bf56a91d16901293e51ba5b49a27e",
        "type": "github"
      },
      "original": {
        "owner": "nix-systems",
        "repo": "default",
        "type": "github"
      }
    },
    "systems_2": {
      "locked": {
        "lastModified": 1681028828,
        "narHash": "sha256-Vy1rq5AaRuLzOxct8nz4T6wlgyUR7zLU309k9mBC768=",
        "owner": "nix-systems",
        "repo": "default",
        "rev": "da67096a3b9bf56a91d16901293e51ba5b49a27e",
        "type": "github"
      },
      "original": {
        "owner": "nix-systems",
        "repo": "default",
        "type": "github"
      }
    },
    "systems_3": {
      "locked": {
        "lastModified": 1681028828,
        "narHash": "sha256-Vy1rq5AaRuLzOxct8nz4T6wlgyUR7zLU309k9mBC768=",
        "owner": "nix-systems",
        "repo": "default",
        "rev": "da67096a3b9bf56a91d16901293e51ba5b49a27e",
        "type": "github"
      },
      "original": {
        "owner": "nix-systems",
        "repo": "default",
        "type": "github"
      }
    },
    "systems_4": {
      "locked": {
        "lastModified": 1681028828,
        "narHash": "sha256-Vy1rq5AaRuLzOxct8nz4T6wlgyUR7zLU309k9mBC768=",
        "owner": "nix-systems",
        "repo": "default",
        "rev": "da67096a3b9bf56a91d16901293e51ba5b49a27e",
        "type": "github"
      },
      "original": {
        "owner": "nix-systems",
        "repo": "default",
        "type": "github"
      }
    },
    "vscode-server": {
      "inputs": {
        "flake-utils": "flake-utils_4",
        "nixpkgs": "nixpkgs_4"
      },
      "locked": {
        "lastModified": 1713958148,
        "narHash": "sha256-8PDNi/dgoI2kyM7uSiU4eoLBqUKoA+3TXuz+VWmuCOc=",
        "owner": "nix-community",
        "repo": "nixos-vscode-server",
        "rev": "fc900c16efc6a5ed972fb6be87df018bcf3035bc",
        "type": "github"
      },
      "original": {
        "owner": "nix-community",
        "repo": "nixos-vscode-server",
        "type": "github"
      }
    }
  },
  "root": "root",
  "version": 7
}
